
Microsoft Visual Studio Solution File, Format Version 12.00
# Visual Studio 15
VisualStudioVersion = 15.0.27428.2043
MinimumVisualStudioVersion = 10.0.40219.1
Project("{FAE04EC0-301F-11D3-BF4B-00C04F79EFBC}") = "CShartPerfTrickBenchmarks", "CShartPerfTrickBenchmarks\CShartPerfTrickBenchmarks.csproj", "{B77A556E-A2B7-48C9-B86E-DE4605B42368}"
EndProject
Project("{FAE04EC0-301F-11D3-BF4B-00C04F79EFBC}") = "CShartPerfTrickSimpleBenchmarks", "CShartPerfTrickSimpleBenchmarks\CShartPerfTrickSimpleBenchmarks.csproj", "{2D45A6BB-3B5C-4D3D-ABAB-44108B5E7041}"
EndProject
Global
	GlobalSection(SolutionConfigurationPlatforms) = preSolution
		Debug|Any CPU = Debug|Any CPU
		Release|Any CPU = Release|Any CPU
	EndGlobalSection
	GlobalSection(ProjectConfigurationPlatforms) = postSolution
		{B77A556E-A2B7-48C9-B86E-DE4605B42368}.Debug|Any CPU.ActiveCfg = Debug|Any CPU
		{B77A556E-A2B7-48C9-B86E-DE4605B42368}.Debug|Any CPU.Build.0 = Debug|Any CPU
		{B77A556E-A2B7-48C9-B86E-DE4605B42368}.Release|Any CPU.ActiveCfg = Release|Any CPU
		{B77A556E-A2B7-48C9-B86E-DE4605B42368}.Release|Any CPU.Build.0 = Release|Any CPU
		{2D45A6BB-3B5C-4D3D-ABAB-44108B5E7041}.Debug|Any CPU.ActiveCfg = Debug|Any CPU
		{2D45A6BB-3B5C-4D3D-ABAB-44108B5E7041}.Debug|Any CPU.Build.0 = Debug|Any CPU
		{2D45A6BB-3B5C-4D3D-ABAB-44108B5E7041}.Release|Any CPU.ActiveCfg = Release|Any CPU
		{2D45A6BB-3B5C-4D3D-ABAB-44108B5E7041}.Release|Any CPU.Build.0 = Release|Any CPU
	EndGlobalSection
	GlobalSection(SolutionProperties) = preSolution
		HideSolutionNode = FALSE
	EndGlobalSection
	GlobalSection(ExtensibilityGlobals) = postSolution
		SolutionGuid = {8FB3D801-1411-4159-82E7-8D60E1ED9A2D}
	EndGlobalSection
EndGlobal
